{
  "version": 4,
  "terraform_version": "1.13.3",
  "serial": 81,
  "lineage": "fd1ac908-e28b-ff31-5b74-fcb9e40f7ae0",
  "outputs": {},
  "resources": [
    {
      "module": "module.eks",
      "mode": "managed",
      "type": "aws_eks_cluster",
      "name": "cluster",
      "provider": "provider[\"registry.terraform.io/hashicorp/aws\"]",
      "instances": [
        {
          "schema_version": 1,
          "attributes": {
            "access_config": [
              {
                "authentication_mode": "API",
                "bootstrap_cluster_creator_admin_permissions": true
              }
            ],
            "arn": "arn:aws:eks:us-east-1:905418307317:cluster/projeto",
            "bootstrap_self_managed_addons": false,
            "certificate_authority": [
              {
                "data": "LS0tLS1CRUdJTiBDRVJUSUZJQ0FURS0tLS0tCk1JSURCVENDQWUyZ0F3SUJBZ0lJZHE4bllnbTltODR3RFFZSktvWklodmNOQVFFTEJRQXdGVEVUTUJFR0ExVUUKQXhNS2EzVmlaWEp1WlhSbGN6QWVGdzB5TlRBNU1qZ3lNRFEyTVRKYUZ3MHpOVEE1TWpZeU1EVXhNVEphTUJVeApFekFSQmdOVkJBTVRDbXQxWW1WeWJtVjBaWE13Z2dFaU1BMEdDU3FHU0liM0RRRUJBUVVBQTRJQkR3QXdnZ0VLCkFvSUJBUUNqQU56bkJ0RTdjajN4S2Jmd2lySU1SRUNzVktneFB0TG9GOXhyMXMxOTU2VERUVGloMVVJbWh4RTkKTktRcVlvSXpxWVoxN0hVWnAvc0pLNHpFZzJrNTBCY0lhYUc1SjduckZuWjZVUERXbUR0ZFNXM0RtNitXY1VYbgpHUEwxYmIyUFlOdzNibmprdld0amh2cm5GNDVuSTNzaHU3ZTVIeFg0T2luMkpwOTdJRkhSRVByOWRlRS9QSUNFCnU3c0hodXB6VnJwek1jTmdpcFIxekh3aVJaRnRmcWtMNXJQTEZoRUlKdmlld0Y0VDc5emw1eWNCQS9HcTVIK0wKb2V2U3N0UDR5UmVCUTNuZTJIUGFMNVZ4NG5BYmdWUG5hL1JLM1labFBlTGJGK256SVlIbWYzYTJZYlU0blNVMgpCSUFGa0h0L1lOclhYVFJKMy9OVEhLOHFtb1JYQWdNQkFBR2pXVEJYTUE0R0ExVWREd0VCL3dRRUF3SUNwREFQCkJnTlZIUk1CQWY4RUJUQURBUUgvTUIwR0ExVWREZ1FXQkJUdW1PcitEWEsrOThZNWxqaGM0anRHVVNDOVJEQVYKQmdOVkhSRUVEakFNZ2dwcmRXSmxjbTVsZEdWek1BMEdDU3FHU0liM0RRRUJDd1VBQTRJQkFRQW52VzluWE1GdAo2UGZiMVRGem52Vkp0Y3p2L1RzdGFYOHVJU1RUTVc1eHM5ZXQrUkhJNmRod2R3RUoxMEFQWmNrdWpsL0x6amlzCnY1WEIvVzhxVGovaFlod2gwNlNzbHJTd3BCVlRySzhjU3dmWWlzdFFpWCtHYlYycnR3UkNQMUtBeWVPeFdKVUEKMFRrc1luN2NLbWZmOXJ0bUcwN1FjQVE2TjFhcURMcjM5Q0ZWbmJSTWlsNFVKSXdaL0ljZHlJVFVEbExJRXJ5WgpySnBWZlBMaStVcnpxQjVaVzcvNDlYSEZGbEt1bnR4RkdhUDhUVTdJclJCQU5HTjFDNnNIYWU5YXpYcmxRaXRuCnVzL2ZTcFFTVUtCMkhhUmQrWmk2REU3dGVNQkUrc3dGZ2xxZVR5NWlGM3N6Ykh3R2QyM3B6Yis5M3QzU2thVDkKRGFMdHpxd3NkOVN2Ci0tLS0tRU5EIENFUlRJRklDQVRFLS0tLS0K"
              }
            ],
            "cluster_id": null,
            "compute_config": [
              {
                "enabled": true,
                "node_pools": [
                  "general-purpose",
                  "system"
                ],
                "node_role_arn": "arn:aws:iam::905418307317:role/c175509a4540172l11767539t1w905418307-LabEksNodeRole-bltw0M491dDz"
              }
            ],
            "created_at": "2025-09-28T20:45:36Z",
            "deletion_protection": false,
            "enabled_cluster_log_types": [],
            "encryption_config": [],
            "endpoint": "https://6D82FE8FA2A84FFB0A0835B1B8A9C1C1.gr7.us-east-1.eks.amazonaws.com",
            "force_update_version": null,
            "id": "projeto",
            "identity": [
              {
                "oidc": [
                  {
                    "issuer": "https://oidc.eks.us-east-1.amazonaws.com/id/6D82FE8FA2A84FFB0A0835B1B8A9C1C1"
                  }
                ]
              }
            ],
            "kubernetes_network_config": [
              {
                "elastic_load_balancing": [
                  {
                    "enabled": true
                  }
                ],
                "ip_family": "ipv4",
                "service_ipv4_cidr": "172.20.0.0/16",
                "service_ipv6_cidr": ""
              }
            ],
            "name": "projeto",
            "outpost_config": [],
            "platform_version": "eks.15",
            "region": "us-east-1",
            "remote_network_config": [],
            "role_arn": "arn:aws:iam::905418307317:role/c175509a4540172l11767539t1w905418-LabEksClusterRole-6l5ecKzAcqbF",
            "status": "ACTIVE",
            "storage_config": [
              {
                "block_storage": [
                  {
                    "enabled": true
                  }
                ]
              }
            ],
            "tags": {},
            "tags_all": {},
            "timeouts": null,
            "upgrade_policy": [
              {
                "support_type": "EXTENDED"
              }
            ],
            "version": "1.33",
            "vpc_config": [
              {
                "cluster_security_group_id": "sg-0875a9ff41a2f7c33",
                "endpoint_private_access": true,
                "endpoint_public_access": true,
                "public_access_cidrs": [
                  "0.0.0.0/0"
                ],
                "security_group_ids": [
                  "sg-018c4aae0b4ec0f19"
                ],
                "subnet_ids": [
                  "subnet-0355231144a886be2",
                  "subnet-0acf8a6e529355b71",
                  "subnet-0fa58583f7d290370"
                ],
                "vpc_id": "vpc-09519559a90c70337"
              }
            ],
            "zonal_shift_config": [
              {
                "enabled": true
              }
            ]
          },
          "sensitive_attributes": [],
          "identity_schema_version": 0,
          "private": "eyJlMmJmYjczMC1lY2FhLTExZTYtOGY4OC0zNDM2M2JjN2M0YzAiOnsiY3JlYXRlIjoxODAwMDAwMDAwMDAwLCJkZWxldGUiOjkwMDAwMDAwMDAwMCwidXBkYXRlIjozNjAwMDAwMDAwMDAwfSwic2NoZW1hX3ZlcnNpb24iOiIxIn0=",
          "dependencies": [
            "module.eks.aws_security_group.eks_extra",
            "module.vpc.aws_subnet.computing_subnet_1a",
            "module.vpc.aws_subnet.computing_subnet_1b",
            "module.vpc.aws_subnet.computing_subnet_1c",
            "module.vpc.aws_vpc.main"
          ]
        }
      ]
    },
    {
      "module": "module.eks",
      "mode": "managed",
      "type": "aws_security_group",
      "name": "eks_extra",
      "provider": "provider[\"registry.terraform.io/hashicorp/aws\"]",
      "instances": [
        {
          "schema_version": 1,
          "attributes": {
            "arn": "arn:aws:ec2:us-east-1:905418307317:security-group/sg-018c4aae0b4ec0f19",
            "description": "Extra SG para o cluster EKS",
            "egress": [
              {
                "cidr_blocks": [
                  "0.0.0.0/0"
                ],
                "description": "",
                "from_port": 0,
                "ipv6_cidr_blocks": [],
                "prefix_list_ids": [],
                "protocol": "-1",
                "security_groups": [],
                "self": false,
                "to_port": 0
              }
            ],
            "id": "sg-018c4aae0b4ec0f19",
            "ingress": [
              {
                "cidr_blocks": [
                  "0.0.0.0/0"
                ],
                "description": "Permitir VPC acessar API server",
                "from_port": 443,
                "ipv6_cidr_blocks": [],
                "prefix_list_ids": [],
                "protocol": "tcp",
                "security_groups": [],
                "self": false,
                "to_port": 443
              }
            ],
            "name": "eks-projeto-sg",
            "name_prefix": "",
            "owner_id": "905418307317",
            "region": "us-east-1",
            "revoke_rules_on_delete": false,
            "tags": {
              "Name": "eks-projeto-sg"
            },
            "tags_all": {
              "Name": "eks-projeto-sg"
            },
            "timeouts": null,
            "vpc_id": "vpc-09519559a90c70337"
          },
          "sensitive_attributes": [],
          "identity_schema_version": 0,
          "identity": {
            "account_id": "905418307317",
            "id": "sg-018c4aae0b4ec0f19",
            "region": "us-east-1"
          },
          "private": "eyJlMmJmYjczMC1lY2FhLTExZTYtOGY4OC0zNDM2M2JjN2M0YzAiOnsiY3JlYXRlIjo2MDAwMDAwMDAwMDAsImRlbGV0ZSI6OTAwMDAwMDAwMDAwfSwic2NoZW1hX3ZlcnNpb24iOiIxIn0=",
          "dependencies": [
            "module.vpc.aws_vpc.main"
          ]
        }
      ]
    },
    {
      "module": "module.rds",
      "mode": "data",
      "type": "aws_secretsmanager_secret",
      "name": "secret_user_postgres",
      "provider": "provider[\"registry.terraform.io/hashicorp/aws\"]",
      "instances": [
        {
          "schema_version": 0,
          "attributes": {
            "arn": "arn:aws:secretsmanager:us-east-1:905418307317:secret:rds/projeto/postgres-jtcNQW",
            "created_date": "2025-09-28T20:33:06Z",
            "description": "",
            "id": "arn:aws:secretsmanager:us-east-1:905418307317:secret:rds/projeto/postgres-jtcNQW",
            "kms_key_id": "",
            "last_changed_date": "2025-09-28T20:33:08Z",
            "name": "rds/projeto/postgres",
            "policy": "",
            "region": "us-east-1",
            "tags": {}
          },
          "sensitive_attributes": [],
          "identity_schema_version": 0
        }
      ]
    },
    {
      "module": "module.rds",
      "mode": "data",
      "type": "aws_secretsmanager_secret_version",
      "name": "secret_user_postgres_atual",
      "provider": "provider[\"registry.terraform.io/hashicorp/aws\"]",
      "instances": [
        {
          "schema_version": 0,
          "attributes": {
            "arn": "arn:aws:secretsmanager:us-east-1:905418307317:secret:rds/projeto/postgres-jtcNQW",
            "created_date": "2025-09-28T20:33:08Z",
            "id": "arn:aws:secretsmanager:us-east-1:905418307317:secret:rds/projeto/postgres-jtcNQW|AWSCURRENT",
            "region": "us-east-1",
            "secret_binary": "",
            "secret_id": "arn:aws:secretsmanager:us-east-1:905418307317:secret:rds/projeto/postgres-jtcNQW",
            "secret_string": "{\"password\":\"wjj_CvQXLuunOYOQXM!y\",\"username\":\"postgres\"}",
            "version_id": "terraform-20250928203306828200000005",
            "version_stage": "AWSCURRENT",
            "version_stages": [
              "AWSCURRENT"
            ]
          },
          "sensitive_attributes": [
            [
              {
                "type": "get_attr",
                "value": "secret_binary"
              }
            ],
            [
              {
                "type": "get_attr",
                "value": "secret_string"
              }
            ]
          ],
          "identity_schema_version": 0
        }
      ]
    },
    {
      "module": "module.rds",
      "mode": "managed",
      "type": "aws_db_parameter_group",
      "name": "db_parameter_group",
      "provider": "provider[\"registry.terraform.io/hashicorp/aws\"]",
      "instances": [
        {
          "schema_version": 0,
          "attributes": {
            "arn": "arn:aws:rds:us-east-1:905418307317:pg:db-rds-aurora-postgresql-16",
            "description": "RDS cluster parameter group",
            "family": "aurora-postgresql16",
            "id": "db-rds-aurora-postgresql-16",
            "name": "db-rds-aurora-postgresql-16",
            "name_prefix": "",
            "parameter": [],
            "region": "us-east-1",
            "skip_destroy": false,
            "tags": {},
            "tags_all": {}
          },
          "sensitive_attributes": [],
          "identity_schema_version": 0,
          "private": "bnVsbA==",
          "dependencies": [
            "module.sg_rds.module.sg_rds.aws_security_group.this",
            "module.sg_rds.module.sg_rds.aws_security_group.this_name_prefix",
            "module.sg_rds.module.sg_rds.aws_security_group_rule.computed_egress_rules",
            "module.sg_rds.module.sg_rds.aws_security_group_rule.computed_egress_with_cidr_blocks",
            "module.sg_rds.module.sg_rds.aws_security_group_rule.computed_egress_with_ipv6_cidr_blocks",
            "module.sg_rds.module.sg_rds.aws_security_group_rule.computed_egress_with_prefix_list_ids",
            "module.sg_rds.module.sg_rds.aws_security_group_rule.computed_egress_with_self",
            "module.sg_rds.module.sg_rds.aws_security_group_rule.computed_egress_with_source_security_group_id",
            "module.sg_rds.module.sg_rds.aws_security_group_rule.computed_ingress_rules",
            "module.sg_rds.module.sg_rds.aws_security_group_rule.computed_ingress_with_cidr_blocks",
            "module.sg_rds.module.sg_rds.aws_security_group_rule.computed_ingress_with_ipv6_cidr_blocks",
            "module.sg_rds.module.sg_rds.aws_security_group_rule.computed_ingress_with_prefix_list_ids",
            "module.sg_rds.module.sg_rds.aws_security_group_rule.computed_ingress_with_self",
            "module.sg_rds.module.sg_rds.aws_security_group_rule.computed_ingress_with_source_security_group_id",
            "module.sg_rds.module.sg_rds.aws_security_group_rule.egress_rules",
            "module.sg_rds.module.sg_rds.aws_security_group_rule.egress_with_cidr_blocks",
            "module.sg_rds.module.sg_rds.aws_security_group_rule.egress_with_ipv6_cidr_blocks",
            "module.sg_rds.module.sg_rds.aws_security_group_rule.egress_with_prefix_list_ids",
            "module.sg_rds.module.sg_rds.aws_security_group_rule.egress_with_self",
            "module.sg_rds.module.sg_rds.aws_security_group_rule.egress_with_source_security_group_id",
            "module.sg_rds.module.sg_rds.aws_security_group_rule.ingress_rules",
            "module.sg_rds.module.sg_rds.aws_security_group_rule.ingress_with_cidr_blocks",
            "module.sg_rds.module.sg_rds.aws_security_group_rule.ingress_with_ipv6_cidr_blocks",
            "module.sg_rds.module.sg_rds.aws_security_group_rule.ingress_with_prefix_list_ids",
            "module.sg_rds.module.sg_rds.aws_security_group_rule.ingress_with_self",
            "module.sg_rds.module.sg_rds.aws_security_group_rule.ingress_with_source_security_group_id",
            "module.vpc.aws_vpc.main"
          ]
        }
      ]
    },
    {
      "module": "module.rds",
      "mode": "managed",
      "type": "aws_db_subnet_group",
      "name": "rds_snet_group",
      "provider": "provider[\"registry.terraform.io/hashicorp/aws\"]",
      "instances": [
        {
          "schema_version": 0,
          "attributes": {
            "arn": "arn:aws:rds:us-east-1:905418307317:subgrp:rds_snet_group",
            "description": "Managed by Terraform",
            "id": "rds_snet_group",
            "name": "rds_snet_group",
            "name_prefix": "",
            "region": "us-east-1",
            "subnet_ids": [
              "subnet-0322c4c2483bc50d4",
              "subnet-03a5cea0f55acced3",
              "subnet-0c2b8357527a35c20"
            ],
            "supported_network_types": [
              "IPV4"
            ],
            "tags": {
              "Name": "rds_snet_group"
            },
            "tags_all": {
              "Name": "rds_snet_group"
            },
            "vpc_id": "vpc-09519559a90c70337"
          },
          "sensitive_attributes": [],
          "identity_schema_version": 0,
          "private": "bnVsbA==",
          "dependencies": [
            "module.sg_rds.module.sg_rds.aws_security_group.this",
            "module.sg_rds.module.sg_rds.aws_security_group.this_name_prefix",
            "module.sg_rds.module.sg_rds.aws_security_group_rule.computed_egress_rules",
            "module.sg_rds.module.sg_rds.aws_security_group_rule.computed_egress_with_cidr_blocks",
            "module.sg_rds.module.sg_rds.aws_security_group_rule.computed_egress_with_ipv6_cidr_blocks",
            "module.sg_rds.module.sg_rds.aws_security_group_rule.computed_egress_with_prefix_list_ids",
            "module.sg_rds.module.sg_rds.aws_security_group_rule.computed_egress_with_self",
            "module.sg_rds.module.sg_rds.aws_security_group_rule.computed_egress_with_source_security_group_id",
            "module.sg_rds.module.sg_rds.aws_security_group_rule.computed_ingress_rules",
            "module.sg_rds.module.sg_rds.aws_security_group_rule.computed_ingress_with_cidr_blocks",
            "module.sg_rds.module.sg_rds.aws_security_group_rule.computed_ingress_with_ipv6_cidr_blocks",
            "module.sg_rds.module.sg_rds.aws_security_group_rule.computed_ingress_with_prefix_list_ids",
            "module.sg_rds.module.sg_rds.aws_security_group_rule.computed_ingress_with_self",
            "module.sg_rds.module.sg_rds.aws_security_group_rule.computed_ingress_with_source_security_group_id",
            "module.sg_rds.module.sg_rds.aws_security_group_rule.egress_rules",
            "module.sg_rds.module.sg_rds.aws_security_group_rule.egress_with_cidr_blocks",
            "module.sg_rds.module.sg_rds.aws_security_group_rule.egress_with_ipv6_cidr_blocks",
            "module.sg_rds.module.sg_rds.aws_security_group_rule.egress_with_prefix_list_ids",
            "module.sg_rds.module.sg_rds.aws_security_group_rule.egress_with_self",
            "module.sg_rds.module.sg_rds.aws_security_group_rule.egress_with_source_security_group_id",
            "module.sg_rds.module.sg_rds.aws_security_group_rule.ingress_rules",
            "module.sg_rds.module.sg_rds.aws_security_group_rule.ingress_with_cidr_blocks",
            "module.sg_rds.module.sg_rds.aws_security_group_rule.ingress_with_ipv6_cidr_blocks",
            "module.sg_rds.module.sg_rds.aws_security_group_rule.ingress_with_prefix_list_ids",
            "module.sg_rds.module.sg_rds.aws_security_group_rule.ingress_with_self",
            "module.sg_rds.module.sg_rds.aws_security_group_rule.ingress_with_source_security_group_id",
            "module.vpc.aws_subnet.database_subnet_1a",
            "module.vpc.aws_subnet.database_subnet_1b",
            "module.vpc.aws_subnet.database_subnet_1c",
            "module.vpc.aws_vpc.main"
          ]
        }
      ]
    },
    {
      "module": "module.rds",
      "mode": "managed",
      "type": "aws_rds_cluster",
      "name": "rds",
      "provider": "provider[\"registry.terraform.io/hashicorp/aws\"]",
      "instances": [
        {
          "schema_version": 1,
          "attributes": {
            "allocated_storage": 1,
            "allow_major_version_upgrade": true,
            "apply_immediately": true,
            "arn": "arn:aws:rds:us-east-1:905418307317:cluster:projeto",
            "availability_zones": [
              "us-east-1a",
              "us-east-1b",
              "us-east-1c"
            ],
            "backtrack_window": 0,
            "backup_retention_period": 20,
            "ca_certificate_identifier": null,
            "ca_certificate_valid_till": null,
            "cluster_identifier": "projeto",
            "cluster_identifier_prefix": "",
            "cluster_members": [],
            "cluster_resource_id": "cluster-TPAELTIESITT7DJF7DYCOXG74E",
            "cluster_scalability_type": "",
            "copy_tags_to_snapshot": false,
            "database_insights_mode": "standard",
            "database_name": "postgres",
            "db_cluster_instance_class": "",
            "db_cluster_parameter_group_name": "cluster-rds-aurora-postgresql-16",
            "db_instance_parameter_group_name": "db-rds-aurora-postgresql-16",
            "db_subnet_group_name": "rds_snet_group",
            "db_system_id": "",
            "delete_automated_backups": true,
            "deletion_protection": false,
            "domain": "",
            "domain_iam_role_name": "",
            "enable_global_write_forwarding": false,
            "enable_http_endpoint": false,
            "enable_local_write_forwarding": false,
            "enabled_cloudwatch_logs_exports": [
              "iam-db-auth-error",
              "instance",
              "postgresql"
            ],
            "endpoint": "projeto.cluster-cb622y0q0mw8.us-east-1.rds.amazonaws.com",
            "engine": "aurora-postgresql",
            "engine_lifecycle_support": "open-source-rds-extended-support",
            "engine_mode": "provisioned",
            "engine_version": "16.6",
            "engine_version_actual": "16.6",
            "final_snapshot_identifier": null,
            "global_cluster_identifier": "",
            "hosted_zone_id": "Z2R2ITUGPM61AM",
            "iam_database_authentication_enabled": false,
            "iam_roles": [],
            "id": "projeto",
            "iops": 0,
            "kms_key_id": "arn:aws:kms:us-east-1:905418307317:key/57420b9d-3eef-49c5-91d7-6f04a8934be7",
            "manage_master_user_password": null,
            "master_password": "wjj_CvQXLuunOYOQXM!y",
            "master_password_wo": null,
            "master_password_wo_version": null,
            "master_user_secret": [],
            "master_user_secret_kms_key_id": null,
            "master_username": "postgres",
            "monitoring_interval": 0,
            "monitoring_role_arn": "",
            "network_type": "IPV4",
            "performance_insights_enabled": true,
            "performance_insights_kms_key_id": "arn:aws:kms:us-east-1:905418307317:key/57420b9d-3eef-49c5-91d7-6f04a8934be7",
            "performance_insights_retention_period": 7,
            "port": 5432,
            "preferred_backup_window": "04:43-05:13",
            "preferred_maintenance_window": "sat:06:29-sat:06:59",
            "reader_endpoint": "projeto.cluster-ro-cb622y0q0mw8.us-east-1.rds.amazonaws.com",
            "region": "us-east-1",
            "replication_source_identifier": "",
            "restore_to_point_in_time": [],
            "s3_import": [],
            "scaling_configuration": [],
            "serverlessv2_scaling_configuration": [],
            "skip_final_snapshot": true,
            "snapshot_identifier": null,
            "source_region": null,
            "storage_encrypted": true,
            "storage_type": "aurora-iopt1",
            "tags": {
              "Terraform": "true"
            },
            "tags_all": {
              "Terraform": "true"
            },
            "timeouts": null,
            "vpc_security_group_ids": [
              "sg-055010d7f8b94af9e"
            ]
          },
          "sensitive_attributes": [
            [
              {
                "type": "get_attr",
                "value": "master_password"
              }
            ],
            [
              {
                "type": "get_attr",
                "value": "master_password_wo"
              }
            ],
            [
              {
                "type": "get_attr",
                "value": "master_username"
              }
            ]
          ],
          "identity_schema_version": 0,
          "private": "eyJlMmJmYjczMC1lY2FhLTExZTYtOGY4OC0zNDM2M2JjN2M0YzAiOnsiY3JlYXRlIjo3MjAwMDAwMDAwMDAwLCJkZWxldGUiOjcyMDAwMDAwMDAwMDAsInVwZGF0ZSI6NzIwMDAwMDAwMDAwMH0sInNjaGVtYV92ZXJzaW9uIjoiMSJ9",
          "dependencies": [
            "module.rds.aws_db_parameter_group.db_parameter_group",
            "module.rds.aws_db_subnet_group.rds_snet_group",
            "module.rds.aws_rds_cluster_parameter_group.parameter_group",
            "module.rds.aws_secretsmanager_secret.secret_user_postgres",
            "module.rds.data.aws_secretsmanager_secret.secret_user_postgres",
            "module.rds.data.aws_secretsmanager_secret_version.secret_user_postgres_atual",
            "module.sg_rds.module.sg_rds.aws_security_group.this",
            "module.sg_rds.module.sg_rds.aws_security_group.this_name_prefix",
            "module.sg_rds.module.sg_rds.aws_security_group_rule.computed_egress_rules",
            "module.sg_rds.module.sg_rds.aws_security_group_rule.computed_egress_with_cidr_blocks",
            "module.sg_rds.module.sg_rds.aws_security_group_rule.computed_egress_with_ipv6_cidr_blocks",
            "module.sg_rds.module.sg_rds.aws_security_group_rule.computed_egress_with_prefix_list_ids",
            "module.sg_rds.module.sg_rds.aws_security_group_rule.computed_egress_with_self",
            "module.sg_rds.module.sg_rds.aws_security_group_rule.computed_egress_with_source_security_group_id",
            "module.sg_rds.module.sg_rds.aws_security_group_rule.computed_ingress_rules",
            "module.sg_rds.module.sg_rds.aws_security_group_rule.computed_ingress_with_cidr_blocks",
            "module.sg_rds.module.sg_rds.aws_security_group_rule.computed_ingress_with_ipv6_cidr_blocks",
            "module.sg_rds.module.sg_rds.aws_security_group_rule.computed_ingress_with_prefix_list_ids",
            "module.sg_rds.module.sg_rds.aws_security_group_rule.computed_ingress_with_self",
            "module.sg_rds.module.sg_rds.aws_security_group_rule.computed_ingress_with_source_security_group_id",
            "module.sg_rds.module.sg_rds.aws_security_group_rule.egress_rules",
            "module.sg_rds.module.sg_rds.aws_security_group_rule.egress_with_cidr_blocks",
            "module.sg_rds.module.sg_rds.aws_security_group_rule.egress_with_ipv6_cidr_blocks",
            "module.sg_rds.module.sg_rds.aws_security_group_rule.egress_with_prefix_list_ids",
            "module.sg_rds.module.sg_rds.aws_security_group_rule.egress_with_self",
            "module.sg_rds.module.sg_rds.aws_security_group_rule.egress_with_source_security_group_id",
            "module.sg_rds.module.sg_rds.aws_security_group_rule.ingress_rules",
            "module.sg_rds.module.sg_rds.aws_security_group_rule.ingress_with_cidr_blocks",
            "module.sg_rds.module.sg_rds.aws_security_group_rule.ingress_with_ipv6_cidr_blocks",
            "module.sg_rds.module.sg_rds.aws_security_group_rule.ingress_with_prefix_list_ids",
            "module.sg_rds.module.sg_rds.aws_security_group_rule.ingress_with_self",
            "module.sg_rds.module.sg_rds.aws_security_group_rule.ingress_with_source_security_group_id",
            "module.vpc.aws_subnet.database_subnet_1a",
            "module.vpc.aws_subnet.database_subnet_1b",
            "module.vpc.aws_subnet.database_subnet_1c",
            "module.vpc.aws_vpc.main"
          ]
        }
      ]
    },
    {
      "module": "module.rds",
      "mode": "managed",
      "type": "aws_rds_cluster_instance",
      "name": "rds_instances",
      "provider": "provider[\"registry.terraform.io/hashicorp/aws\"]",
      "instances": [
        {
          "index_key": 0,
          "schema_version": 0,
          "attributes": {
            "apply_immediately": true,
            "arn": "arn:aws:rds:us-east-1:905418307317:db:projeto-0",
            "auto_minor_version_upgrade": true,
            "availability_zone": "us-east-1b",
            "ca_cert_identifier": "rds-ca-rsa2048-g1",
            "cluster_identifier": "projeto",
            "copy_tags_to_snapshot": false,
            "custom_iam_instance_profile": "",
            "db_parameter_group_name": "db-rds-aurora-postgresql-16",
            "db_subnet_group_name": "rds_snet_group",
            "dbi_resource_id": "db-5WLF4UTVNCB77XQ4MRICCCVGLM",
            "endpoint": "projeto-0.cb622y0q0mw8.us-east-1.rds.amazonaws.com",
            "engine": "aurora-postgresql",
            "engine_version": "16.6",
            "engine_version_actual": "16.6",
            "force_destroy": false,
            "id": "projeto-0",
            "identifier": "projeto-0",
            "identifier_prefix": "",
            "instance_class": "db.t3.medium",
            "kms_key_id": "arn:aws:kms:us-east-1:905418307317:key/57420b9d-3eef-49c5-91d7-6f04a8934be7",
            "monitoring_interval": 0,
            "monitoring_role_arn": "",
            "network_type": "IPV4",
            "performance_insights_enabled": true,
            "performance_insights_kms_key_id": "arn:aws:kms:us-east-1:905418307317:key/57420b9d-3eef-49c5-91d7-6f04a8934be7",
            "performance_insights_retention_period": 7,
            "port": 5432,
            "preferred_backup_window": "04:43-05:13",
            "preferred_maintenance_window": "mon:08:15-mon:08:45",
            "promotion_tier": 0,
            "publicly_accessible": true,
            "region": "us-east-1",
            "storage_encrypted": true,
            "tags": {
              "Terraform": "true"
            },
            "tags_all": {
              "Terraform": "true"
            },
            "timeouts": null,
            "writer": true
          },
          "sensitive_attributes": [],
          "identity_schema_version": 0,
          "private": "eyJlMmJmYjczMC1lY2FhLTExZTYtOGY4OC0zNDM2M2JjN2M0YzAiOnsiY3JlYXRlIjo1NDAwMDAwMDAwMDAwLCJkZWxldGUiOjU0MDAwMDAwMDAwMDAsInVwZGF0ZSI6NTQwMDAwMDAwMDAwMH19",
          "dependencies": [
            "module.rds.aws_db_parameter_group.db_parameter_group",
            "module.rds.aws_db_subnet_group.rds_snet_group",
            "module.rds.aws_rds_cluster.rds",
            "module.rds.aws_rds_cluster_parameter_group.parameter_group",
            "module.rds.aws_secretsmanager_secret.secret_user_postgres",
            "module.rds.data.aws_secretsmanager_secret.secret_user_postgres",
            "module.rds.data.aws_secretsmanager_secret_version.secret_user_postgres_atual",
            "module.sg_rds.module.sg_rds.aws_security_group.this",
            "module.sg_rds.module.sg_rds.aws_security_group.this_name_prefix",
            "module.sg_rds.module.sg_rds.aws_security_group_rule.computed_egress_rules",
            "module.sg_rds.module.sg_rds.aws_security_group_rule.computed_egress_with_cidr_blocks",
            "module.sg_rds.module.sg_rds.aws_security_group_rule.computed_egress_with_ipv6_cidr_blocks",
            "module.sg_rds.module.sg_rds.aws_security_group_rule.computed_egress_with_prefix_list_ids",
            "module.sg_rds.module.sg_rds.aws_security_group_rule.computed_egress_with_self",
            "module.sg_rds.module.sg_rds.aws_security_group_rule.computed_egress_with_source_security_group_id",
            "module.sg_rds.module.sg_rds.aws_security_group_rule.computed_ingress_rules",
            "module.sg_rds.module.sg_rds.aws_security_group_rule.computed_ingress_with_cidr_blocks",
            "module.sg_rds.module.sg_rds.aws_security_group_rule.computed_ingress_with_ipv6_cidr_blocks",
            "module.sg_rds.module.sg_rds.aws_security_group_rule.computed_ingress_with_prefix_list_ids",
            "module.sg_rds.module.sg_rds.aws_security_group_rule.computed_ingress_with_self",
            "module.sg_rds.module.sg_rds.aws_security_group_rule.computed_ingress_with_source_security_group_id",
            "module.sg_rds.module.sg_rds.aws_security_group_rule.egress_rules",
            "module.sg_rds.module.sg_rds.aws_security_group_rule.egress_with_cidr_blocks",
            "module.sg_rds.module.sg_rds.aws_security_group_rule.egress_with_ipv6_cidr_blocks",
            "module.sg_rds.module.sg_rds.aws_security_group_rule.egress_with_prefix_list_ids",
            "module.sg_rds.module.sg_rds.aws_security_group_rule.egress_with_self",
            "module.sg_rds.module.sg_rds.aws_security_group_rule.egress_with_source_security_group_id",
            "module.sg_rds.module.sg_rds.aws_security_group_rule.ingress_rules",
            "module.sg_rds.module.sg_rds.aws_security_group_rule.ingress_with_cidr_blocks",
            "module.sg_rds.module.sg_rds.aws_security_group_rule.ingress_with_ipv6_cidr_blocks",
            "module.sg_rds.module.sg_rds.aws_security_group_rule.ingress_with_prefix_list_ids",
            "module.sg_rds.module.sg_rds.aws_security_group_rule.ingress_with_self",
            "module.sg_rds.module.sg_rds.aws_security_group_rule.ingress_with_source_security_group_id",
            "module.vpc.aws_subnet.database_subnet_1a",
            "module.vpc.aws_subnet.database_subnet_1b",
            "module.vpc.aws_subnet.database_subnet_1c",
            "module.vpc.aws_vpc.main"
          ]
        }
      ]
    },
    {
      "module": "module.rds",
      "mode": "managed",
      "type": "aws_rds_cluster_parameter_group",
      "name": "parameter_group",
      "provider": "provider[\"registry.terraform.io/hashicorp/aws\"]",
      "instances": [
        {
          "schema_version": 0,
          "attributes": {
            "arn": "arn:aws:rds:us-east-1:905418307317:cluster-pg:cluster-rds-aurora-postgresql-16",
            "description": "RDS cluster parameter group",
            "family": "aurora-postgresql16",
            "id": "cluster-rds-aurora-postgresql-16",
            "name": "cluster-rds-aurora-postgresql-16",
            "name_prefix": "",
            "parameter": [
              {
                "apply_method": "pending-reboot",
                "name": "timezone",
                "value": "America/Sao_Paulo"
              }
            ],
            "region": "us-east-1",
            "tags": {},
            "tags_all": {}
          },
          "sensitive_attributes": [],
          "identity_schema_version": 0,
          "private": "bnVsbA==",
          "dependencies": [
            "module.sg_rds.module.sg_rds.aws_security_group.this",
            "module.sg_rds.module.sg_rds.aws_security_group.this_name_prefix",
            "module.sg_rds.module.sg_rds.aws_security_group_rule.computed_egress_rules",
            "module.sg_rds.module.sg_rds.aws_security_group_rule.computed_egress_with_cidr_blocks",
            "module.sg_rds.module.sg_rds.aws_security_group_rule.computed_egress_with_ipv6_cidr_blocks",
            "module.sg_rds.module.sg_rds.aws_security_group_rule.computed_egress_with_prefix_list_ids",
            "module.sg_rds.module.sg_rds.aws_security_group_rule.computed_egress_with_self",
            "module.sg_rds.module.sg_rds.aws_security_group_rule.computed_egress_with_source_security_group_id",
            "module.sg_rds.module.sg_rds.aws_security_group_rule.computed_ingress_rules",
            "module.sg_rds.module.sg_rds.aws_security_group_rule.computed_ingress_with_cidr_blocks",
            "module.sg_rds.module.sg_rds.aws_security_group_rule.computed_ingress_with_ipv6_cidr_blocks",
            "module.sg_rds.module.sg_rds.aws_security_group_rule.computed_ingress_with_prefix_list_ids",
            "module.sg_rds.module.sg_rds.aws_security_group_rule.computed_ingress_with_self",
            "module.sg_rds.module.sg_rds.aws_security_group_rule.computed_ingress_with_source_security_group_id",
            "module.sg_rds.module.sg_rds.aws_security_group_rule.egress_rules",
            "module.sg_rds.module.sg_rds.aws_security_group_rule.egress_with_cidr_blocks",
            "module.sg_rds.module.sg_rds.aws_security_group_rule.egress_with_ipv6_cidr_blocks",
            "module.sg_rds.module.sg_rds.aws_security_group_rule.egress_with_prefix_list_ids",
            "module.sg_rds.module.sg_rds.aws_security_group_rule.egress_with_self",
            "module.sg_rds.module.sg_rds.aws_security_group_rule.egress_with_source_security_group_id",
            "module.sg_rds.module.sg_rds.aws_security_group_rule.ingress_rules",
            "module.sg_rds.module.sg_rds.aws_security_group_rule.ingress_with_cidr_blocks",
            "module.sg_rds.module.sg_rds.aws_security_group_rule.ingress_with_ipv6_cidr_blocks",
            "module.sg_rds.module.sg_rds.aws_security_group_rule.ingress_with_prefix_list_ids",
            "module.sg_rds.module.sg_rds.aws_security_group_rule.ingress_with_self",
            "module.sg_rds.module.sg_rds.aws_security_group_rule.ingress_with_source_security_group_id",
            "module.vpc.aws_vpc.main"
          ]
        }
      ]
    },
    {
      "module": "module.rds",
      "mode": "managed",
      "type": "aws_secretsmanager_secret",
      "name": "secret_user_postgres",
      "provider": "provider[\"registry.terraform.io/hashicorp/aws\"]",
      "instances": [
        {
          "schema_version": 0,
          "attributes": {
            "arn": "arn:aws:secretsmanager:us-east-1:905418307317:secret:rds/projeto/postgres-jtcNQW",
            "description": "",
            "force_overwrite_replica_secret": false,
            "id": "arn:aws:secretsmanager:us-east-1:905418307317:secret:rds/projeto/postgres-jtcNQW",
            "kms_key_id": "",
            "name": "rds/projeto/postgres",
            "name_prefix": "",
            "policy": "",
            "recovery_window_in_days": 30,
            "region": "us-east-1",
            "replica": [],
            "tags": {},
            "tags_all": {}
          },
          "sensitive_attributes": [],
          "identity_schema_version": 0,
          "identity": {
            "arn": "arn:aws:secretsmanager:us-east-1:905418307317:secret:rds/projeto/postgres-jtcNQW"
          },
          "private": "bnVsbA==",
          "dependencies": [
            "module.sg_rds.module.sg_rds.aws_security_group.this",
            "module.sg_rds.module.sg_rds.aws_security_group.this_name_prefix",
            "module.sg_rds.module.sg_rds.aws_security_group_rule.computed_egress_rules",
            "module.sg_rds.module.sg_rds.aws_security_group_rule.computed_egress_with_cidr_blocks",
            "module.sg_rds.module.sg_rds.aws_security_group_rule.computed_egress_with_ipv6_cidr_blocks",
            "module.sg_rds.module.sg_rds.aws_security_group_rule.computed_egress_with_prefix_list_ids",
            "module.sg_rds.module.sg_rds.aws_security_group_rule.computed_egress_with_self",
            "module.sg_rds.module.sg_rds.aws_security_group_rule.computed_egress_with_source_security_group_id",
            "module.sg_rds.module.sg_rds.aws_security_group_rule.computed_ingress_rules",
            "module.sg_rds.module.sg_rds.aws_security_group_rule.computed_ingress_with_cidr_blocks",
            "module.sg_rds.module.sg_rds.aws_security_group_rule.computed_ingress_with_ipv6_cidr_blocks",
            "module.sg_rds.module.sg_rds.aws_security_group_rule.computed_ingress_with_prefix_list_ids",
            "module.sg_rds.module.sg_rds.aws_security_group_rule.computed_ingress_with_self",
            "module.sg_rds.module.sg_rds.aws_security_group_rule.computed_ingress_with_source_security_group_id",
            "module.sg_rds.module.sg_rds.aws_security_group_rule.egress_rules",
            "module.sg_rds.module.sg_rds.aws_security_group_rule.egress_with_cidr_blocks",
            "module.sg_rds.module.sg_rds.aws_security_group_rule.egress_with_ipv6_cidr_blocks",
            "module.sg_rds.module.sg_rds.aws_security_group_rule.egress_with_prefix_list_ids",
            "module.sg_rds.module.sg_rds.aws_security_group_rule.egress_with_self",
            "module.sg_rds.module.sg_rds.aws_security_group_rule.egress_with_source_security_group_id",
            "module.sg_rds.module.sg_rds.aws_security_group_rule.ingress_rules",
            "module.sg_rds.module.sg_rds.aws_security_group_rule.ingress_with_cidr_blocks",
            "module.sg_rds.module.sg_rds.aws_security_group_rule.ingress_with_ipv6_cidr_blocks",
            "module.sg_rds.module.sg_rds.aws_security_group_rule.ingress_with_prefix_list_ids",
            "module.sg_rds.module.sg_rds.aws_security_group_rule.ingress_with_self",
            "module.sg_rds.module.sg_rds.aws_security_group_rule.ingress_with_source_security_group_id",
            "module.vpc.aws_vpc.main"
          ]
        }
      ]
    },
    {
      "module": "module.rds",
      "mode": "managed",
      "type": "aws_secretsmanager_secret_version",
      "name": "secret_password_postgres",
      "provider": "provider[\"registry.terraform.io/hashicorp/aws\"]",
      "instances": [
        {
          "schema_version": 0,
          "attributes": {
            "arn": "arn:aws:secretsmanager:us-east-1:905418307317:secret:rds/projeto/postgres-jtcNQW",
            "has_secret_string_wo": null,
            "id": "arn:aws:secretsmanager:us-east-1:905418307317:secret:rds/projeto/postgres-jtcNQW|terraform-20250928203306828200000005",
            "region": "us-east-1",
            "secret_binary": "",
            "secret_id": "arn:aws:secretsmanager:us-east-1:905418307317:secret:rds/projeto/postgres-jtcNQW",
            "secret_string": "{\"password\":\"wjj_CvQXLuunOYOQXM!y\",\"username\":\"postgres\"}",
            "secret_string_wo": null,
            "secret_string_wo_version": null,
            "version_id": "terraform-20250928203306828200000005",
            "version_stages": [
              "AWSCURRENT"
            ]
          },
          "sensitive_attributes": [
            [
              {
                "type": "get_attr",
                "value": "secret_binary"
              }
            ],
            [
              {
                "type": "get_attr",
                "value": "secret_string"
              }
            ],
            [
              {
                "type": "get_attr",
                "value": "secret_string_wo"
              }
            ]
          ],
          "identity_schema_version": 0,
          "identity": {
            "account_id": "905418307317",
            "region": "us-east-1",
            "secret_id": "arn:aws:secretsmanager:us-east-1:905418307317:secret:rds/projeto/postgres-jtcNQW",
            "version_id": "terraform-20250928203306828200000005"
          },
          "private": "bnVsbA==",
          "dependencies": [
            "module.rds.aws_secretsmanager_secret.secret_user_postgres",
            "module.rds.random_password.password_user_postgres",
            "module.sg_rds.module.sg_rds.aws_security_group.this",
            "module.sg_rds.module.sg_rds.aws_security_group.this_name_prefix",
            "module.sg_rds.module.sg_rds.aws_security_group_rule.computed_egress_rules",
            "module.sg_rds.module.sg_rds.aws_security_group_rule.computed_egress_with_cidr_blocks",
            "module.sg_rds.module.sg_rds.aws_security_group_rule.computed_egress_with_ipv6_cidr_blocks",
            "module.sg_rds.module.sg_rds.aws_security_group_rule.computed_egress_with_prefix_list_ids",
            "module.sg_rds.module.sg_rds.aws_security_group_rule.computed_egress_with_self",
            "module.sg_rds.module.sg_rds.aws_security_group_rule.computed_egress_with_source_security_group_id",
            "module.sg_rds.module.sg_rds.aws_security_group_rule.computed_ingress_rules",
            "module.sg_rds.module.sg_rds.aws_security_group_rule.computed_ingress_with_cidr_blocks",
            "module.sg_rds.module.sg_rds.aws_security_group_rule.computed_ingress_with_ipv6_cidr_blocks",
            "module.sg_rds.module.sg_rds.aws_security_group_rule.computed_ingress_with_prefix_list_ids",
            "module.sg_rds.module.sg_rds.aws_security_group_rule.computed_ingress_with_self",
            "module.sg_rds.module.sg_rds.aws_security_group_rule.computed_ingress_with_source_security_group_id",
            "module.sg_rds.module.sg_rds.aws_security_group_rule.egress_rules",
            "module.sg_rds.module.sg_rds.aws_security_group_rule.egress_with_cidr_blocks",
            "module.sg_rds.module.sg_rds.aws_security_group_rule.egress_with_ipv6_cidr_blocks",
            "module.sg_rds.module.sg_rds.aws_security_group_rule.egress_with_prefix_list_ids",
            "module.sg_rds.module.sg_rds.aws_security_group_rule.egress_with_self",
            "module.sg_rds.module.sg_rds.aws_security_group_rule.egress_with_source_security_group_id",
            "module.sg_rds.module.sg_rds.aws_security_group_rule.ingress_rules",
            "module.sg_rds.module.sg_rds.aws_security_group_rule.ingress_with_cidr_blocks",
            "module.sg_rds.module.sg_rds.aws_security_group_rule.ingress_with_ipv6_cidr_blocks",
            "module.sg_rds.module.sg_rds.aws_security_group_rule.ingress_with_prefix_list_ids",
            "module.sg_rds.module.sg_rds.aws_security_group_rule.ingress_with_self",
            "module.sg_rds.module.sg_rds.aws_security_group_rule.ingress_with_source_security_group_id",
            "module.vpc.aws_vpc.main"
          ]
        }
      ]
    },
    {
      "module": "module.rds",
      "mode": "managed",
      "type": "random_password",
      "name": "password_user_postgres",
      "provider": "provider[\"registry.terraform.io/hashicorp/random\"]",
      "instances": [
        {
          "schema_version": 3,
          "attributes": {
            "bcrypt_hash": "$2a$10$jB.a.p.YJM.oHiTDfJceE.F6jpTJmf4dSF81umxyvU8rlXSmweMPe",
            "id": "none",
            "keepers": null,
            "length": 20,
            "lower": true,
            "min_lower": 0,
            "min_numeric": 0,
            "min_special": 0,
            "min_upper": 0,
            "number": true,
            "numeric": true,
            "override_special": "!#*()-_=+[]",
            "result": "wjj_CvQXLuunOYOQXM!y",
            "special": true,
            "upper": true
          },
          "sensitive_attributes": [
            [
              {
                "type": "get_attr",
                "value": "bcrypt_hash"
              }
            ],
            [
              {
                "type": "get_attr",
                "value": "result"
              }
            ]
          ],
          "identity_schema_version": 0,
          "dependencies": [
            "module.sg_rds.module.sg_rds.aws_security_group.this",
            "module.sg_rds.module.sg_rds.aws_security_group.this_name_prefix",
            "module.sg_rds.module.sg_rds.aws_security_group_rule.computed_egress_rules",
            "module.sg_rds.module.sg_rds.aws_security_group_rule.computed_egress_with_cidr_blocks",
            "module.sg_rds.module.sg_rds.aws_security_group_rule.computed_egress_with_ipv6_cidr_blocks",
            "module.sg_rds.module.sg_rds.aws_security_group_rule.computed_egress_with_prefix_list_ids",
            "module.sg_rds.module.sg_rds.aws_security_group_rule.computed_egress_with_self",
            "module.sg_rds.module.sg_rds.aws_security_group_rule.computed_egress_with_source_security_group_id",
            "module.sg_rds.module.sg_rds.aws_security_group_rule.computed_ingress_rules",
            "module.sg_rds.module.sg_rds.aws_security_group_rule.computed_ingress_with_cidr_blocks",
            "module.sg_rds.module.sg_rds.aws_security_group_rule.computed_ingress_with_ipv6_cidr_blocks",
            "module.sg_rds.module.sg_rds.aws_security_group_rule.computed_ingress_with_prefix_list_ids",
            "module.sg_rds.module.sg_rds.aws_security_group_rule.computed_ingress_with_self",
            "module.sg_rds.module.sg_rds.aws_security_group_rule.computed_ingress_with_source_security_group_id",
            "module.sg_rds.module.sg_rds.aws_security_group_rule.egress_rules",
            "module.sg_rds.module.sg_rds.aws_security_group_rule.egress_with_cidr_blocks",
            "module.sg_rds.module.sg_rds.aws_security_group_rule.egress_with_ipv6_cidr_blocks",
            "module.sg_rds.module.sg_rds.aws_security_group_rule.egress_with_prefix_list_ids",
            "module.sg_rds.module.sg_rds.aws_security_group_rule.egress_with_self",
            "module.sg_rds.module.sg_rds.aws_security_group_rule.egress_with_source_security_group_id",
            "module.sg_rds.module.sg_rds.aws_security_group_rule.ingress_rules",
            "module.sg_rds.module.sg_rds.aws_security_group_rule.ingress_with_cidr_blocks",
            "module.sg_rds.module.sg_rds.aws_security_group_rule.ingress_with_ipv6_cidr_blocks",
            "module.sg_rds.module.sg_rds.aws_security_group_rule.ingress_with_prefix_list_ids",
            "module.sg_rds.module.sg_rds.aws_security_group_rule.ingress_with_self",
            "module.sg_rds.module.sg_rds.aws_security_group_rule.ingress_with_source_security_group_id",
            "module.vpc.aws_vpc.main"
          ]
        }
      ]
    },
    {
      "module": "module.sg_rds.module.sg_rds",
      "mode": "managed",
      "type": "aws_security_group",
      "name": "this_name_prefix",
      "provider": "provider[\"registry.terraform.io/hashicorp/aws\"]",
      "instances": [
        {
          "index_key": 0,
          "schema_version": 1,
          "attributes": {
            "arn": "arn:aws:ec2:us-east-1:905418307317:security-group/sg-055010d7f8b94af9e",
            "description": "Permite acesso interno as aplicacoes no RDS",
            "egress": [
              {
                "cidr_blocks": [
                  "0.0.0.0/0"
                ],
                "description": "Saida para Internet",
                "from_port": 0,
                "ipv6_cidr_blocks": [],
                "prefix_list_ids": [],
                "protocol": "-1",
                "security_groups": [],
                "self": false,
                "to_port": 0
              }
            ],
            "id": "sg-055010d7f8b94af9e",
            "ingress": [
              {
                "cidr_blocks": [
                  "10.0.0.0/16"
                ],
                "description": "Acesso para VPC",
                "from_port": 5432,
                "ipv6_cidr_blocks": [],
                "prefix_list_ids": [],
                "protocol": "tcp",
                "security_groups": [],
                "self": false,
                "to_port": 5432
              },
              {
                "cidr_blocks": [
                  "10.0.0.0/22"
                ],
                "description": "Acesso para VPN",
                "from_port": 5432,
                "ipv6_cidr_blocks": [],
                "prefix_list_ids": [],
                "protocol": "tcp",
                "security_groups": [],
                "self": false,
                "to_port": 5432
              },
              {
                "cidr_blocks": [
                  "10.10.0.0/16"
                ],
                "description": "Acesso para VPC Infra",
                "from_port": 5432,
                "ipv6_cidr_blocks": [],
                "prefix_list_ids": [],
                "protocol": "tcp",
                "security_groups": [],
                "self": false,
                "to_port": 5432
              }
            ],
            "name": "rds-20250928203254735200000002",
            "name_prefix": "rds-",
            "owner_id": "905418307317",
            "region": "us-east-1",
            "revoke_rules_on_delete": false,
            "tags": {
              "Name": "rds"
            },
            "tags_all": {
              "Name": "rds"
            },
            "timeouts": {
              "create": "10m",
              "delete": "15m"
            },
            "vpc_id": "vpc-09519559a90c70337"
          },
          "sensitive_attributes": [],
          "identity_schema_version": 0,
          "identity": {
            "account_id": "905418307317",
            "id": "sg-055010d7f8b94af9e",
            "region": "us-east-1"
          },
          "private": "eyJlMmJmYjczMC1lY2FhLTExZTYtOGY4OC0zNDM2M2JjN2M0YzAiOnsiY3JlYXRlIjo2MDAwMDAwMDAwMDAsImRlbGV0ZSI6OTAwMDAwMDAwMDAwfSwic2NoZW1hX3ZlcnNpb24iOiIxIn0=",
          "dependencies": [
            "module.vpc.aws_vpc.main"
          ],
          "create_before_destroy": true
        }
      ]
    },
    {
      "module": "module.sg_rds.module.sg_rds",
      "mode": "managed",
      "type": "aws_security_group_rule",
      "name": "egress_with_cidr_blocks",
      "provider": "provider[\"registry.terraform.io/hashicorp/aws\"]",
      "instances": [
        {
          "index_key": 0,
          "schema_version": 2,
          "attributes": {
            "cidr_blocks": [
              "0.0.0.0/0"
            ],
            "description": "Saida para Internet",
            "from_port": 0,
            "id": "sgrule-2585060177",
            "ipv6_cidr_blocks": null,
            "prefix_list_ids": null,
            "protocol": "-1",
            "region": "us-east-1",
            "security_group_id": "sg-055010d7f8b94af9e",
            "security_group_rule_id": "sgr-01ada860e9e0eefc2",
            "self": false,
            "source_security_group_id": null,
            "timeouts": null,
            "to_port": 0,
            "type": "egress"
          },
          "sensitive_attributes": [],
          "identity_schema_version": 0,
          "private": "eyJlMmJmYjczMC1lY2FhLTExZTYtOGY4OC0zNDM2M2JjN2M0YzAiOnsiY3JlYXRlIjozMDAwMDAwMDAwMDB9LCJzY2hlbWFfdmVyc2lvbiI6IjIifQ==",
          "dependencies": [
            "module.sg_rds.module.sg_rds.aws_security_group.this",
            "module.sg_rds.module.sg_rds.aws_security_group.this_name_prefix",
            "module.vpc.aws_vpc.main"
          ]
        }
      ]
    },
    {
      "module": "module.sg_rds.module.sg_rds",
      "mode": "managed",
      "type": "aws_security_group_rule",
      "name": "ingress_with_cidr_blocks",
      "provider": "provider[\"registry.terraform.io/hashicorp/aws\"]",
      "instances": [
        {
          "index_key": 0,
          "schema_version": 2,
          "attributes": {
            "cidr_blocks": [
              "0.0.0.0/0"
            ],
            "description": "Acesso liberado para todos os seres humanos",
            "from_port": 5432,
            "id": "sgrule-3805182908",
            "ipv6_cidr_blocks": null,
            "prefix_list_ids": null,
            "protocol": "tcp",
            "region": "us-east-1",
            "security_group_id": "sg-055010d7f8b94af9e",
            "security_group_rule_id": "sgr-0da210217e42df5d3",
            "self": false,
            "source_security_group_id": null,
            "timeouts": null,
            "to_port": 5432,
            "type": "ingress"
          },
          "sensitive_attributes": [],
          "identity_schema_version": 0,
          "private": "eyJlMmJmYjczMC1lY2FhLTExZTYtOGY4OC0zNDM2M2JjN2M0YzAiOnsiY3JlYXRlIjozMDAwMDAwMDAwMDB9LCJzY2hlbWFfdmVyc2lvbiI6IjIifQ==",
          "dependencies": [
            "module.sg_rds.module.sg_rds.aws_security_group.this",
            "module.sg_rds.module.sg_rds.aws_security_group.this_name_prefix",
            "module.vpc.aws_vpc.main"
          ]
        }
      ]
    },
    {
      "module": "module.vpc",
      "mode": "managed",
      "type": "aws_internet_gateway",
      "name": "gw",
      "provider": "provider[\"registry.terraform.io/hashicorp/aws\"]",
      "instances": [
        {
          "schema_version": 0,
          "attributes": {
            "arn": "arn:aws:ec2:us-east-1:905418307317:internet-gateway/igw-05d6855a5ba57d1e6",
            "id": "igw-05d6855a5ba57d1e6",
            "owner_id": "905418307317",
            "region": "us-east-1",
            "tags": {
              "Name": "ig-vpc-projeto"
            },
            "tags_all": {
              "Name": "ig-vpc-projeto"
            },
            "timeouts": null,
            "vpc_id": "vpc-09519559a90c70337"
          },
          "sensitive_attributes": [],
          "identity_schema_version": 0,
          "private": "eyJlMmJmYjczMC1lY2FhLTExZTYtOGY4OC0zNDM2M2JjN2M0YzAiOnsiY3JlYXRlIjoxMjAwMDAwMDAwMDAwLCJkZWxldGUiOjEyMDAwMDAwMDAwMDAsInVwZGF0ZSI6MTIwMDAwMDAwMDAwMH19",
          "dependencies": [
            "module.vpc.aws_vpc.main"
          ]
        }
      ]
    },
    {
      "module": "module.vpc",
      "mode": "managed",
      "type": "aws_route",
      "name": "internet_gateway_dmz",
      "provider": "provider[\"registry.terraform.io/hashicorp/aws\"]",
      "instances": [
        {
          "schema_version": 0,
          "attributes": {
            "carrier_gateway_id": "",
            "core_network_arn": "",
            "destination_cidr_block": "0.0.0.0/0",
            "destination_ipv6_cidr_block": "",
            "destination_prefix_list_id": "",
            "egress_only_gateway_id": "",
            "gateway_id": "igw-05d6855a5ba57d1e6",
            "id": "r-rtb-066b8e7289aa06ccf1080289494",
            "instance_id": "",
            "instance_owner_id": "",
            "local_gateway_id": "",
            "nat_gateway_id": "",
            "network_interface_id": "",
            "origin": "CreateRoute",
            "region": "us-east-1",
            "route_table_id": "rtb-066b8e7289aa06ccf",
            "state": "active",
            "timeouts": null,
            "transit_gateway_id": "",
            "vpc_endpoint_id": "",
            "vpc_peering_connection_id": ""
          },
          "sensitive_attributes": [],
          "identity_schema_version": 0,
          "identity": {
            "account_id": "905418307317",
            "destination_cidr_block": "0.0.0.0/0",
            "destination_ipv6_cidr_block": null,
            "destination_prefix_list_id": null,
            "region": "us-east-1",
            "route_table_id": "rtb-066b8e7289aa06ccf"
          },
          "private": "eyJlMmJmYjczMC1lY2FhLTExZTYtOGY4OC0zNDM2M2JjN2M0YzAiOnsiY3JlYXRlIjozMDAwMDAwMDAwMDAsImRlbGV0ZSI6MzAwMDAwMDAwMDAwLCJ1cGRhdGUiOjEyMDAwMDAwMDAwMH19",
          "dependencies": [
            "module.vpc.aws_internet_gateway.gw",
            "module.vpc.aws_route_table.dmz_rtb",
            "module.vpc.aws_vpc.main"
          ]
        }
      ]
    },
    {
      "module": "module.vpc",
      "mode": "managed",
      "type": "aws_route",
      "name": "nat_gateway_computing",
      "provider": "provider[\"registry.terraform.io/hashicorp/aws\"]",
      "instances": [
        {
          "schema_version": 0,
          "attributes": {
            "carrier_gateway_id": "",
            "core_network_arn": "",
            "destination_cidr_block": "0.0.0.0/0",
            "destination_ipv6_cidr_block": "",
            "destination_prefix_list_id": "",
            "egress_only_gateway_id": "",
            "gateway_id": "igw-05d6855a5ba57d1e6",
            "id": "r-rtb-04894319806de8cba1080289494",
            "instance_id": "",
            "instance_owner_id": "",
            "local_gateway_id": "",
            "nat_gateway_id": "",
            "network_interface_id": "",
            "origin": "CreateRoute",
            "region": "us-east-1",
            "route_table_id": "rtb-04894319806de8cba",
            "state": "active",
            "timeouts": null,
            "transit_gateway_id": "",
            "vpc_endpoint_id": "",
            "vpc_peering_connection_id": ""
          },
          "sensitive_attributes": [],
          "identity_schema_version": 0,
          "identity": {
            "account_id": "905418307317",
            "destination_cidr_block": "0.0.0.0/0",
            "destination_ipv6_cidr_block": null,
            "destination_prefix_list_id": null,
            "region": "us-east-1",
            "route_table_id": "rtb-04894319806de8cba"
          },
          "private": "eyJlMmJmYjczMC1lY2FhLTExZTYtOGY4OC0zNDM2M2JjN2M0YzAiOnsiY3JlYXRlIjozMDAwMDAwMDAwMDAsImRlbGV0ZSI6MzAwMDAwMDAwMDAwLCJ1cGRhdGUiOjEyMDAwMDAwMDAwMH19",
          "dependencies": [
            "module.vpc.aws_internet_gateway.gw",
            "module.vpc.aws_route_table.computing_rtb",
            "module.vpc.aws_route_table.dmz_rtb",
            "module.vpc.aws_vpc.main"
          ]
        }
      ]
    },
    {
      "module": "module.vpc",
      "mode": "managed",
      "type": "aws_route",
      "name": "nat_gateway_database",
      "provider": "provider[\"registry.terraform.io/hashicorp/aws\"]",
      "instances": [
        {
          "schema_version": 0,
          "attributes": {
            "carrier_gateway_id": "",
            "core_network_arn": "",
            "destination_cidr_block": "0.0.0.0/0",
            "destination_ipv6_cidr_block": "",
            "destination_prefix_list_id": "",
            "egress_only_gateway_id": "",
            "gateway_id": "igw-05d6855a5ba57d1e6",
            "id": "r-rtb-0b707d0fb82445c761080289494",
            "instance_id": "",
            "instance_owner_id": "",
            "local_gateway_id": "",
            "nat_gateway_id": "",
            "network_interface_id": "",
            "origin": "CreateRoute",
            "region": "us-east-1",
            "route_table_id": "rtb-0b707d0fb82445c76",
            "state": "active",
            "timeouts": null,
            "transit_gateway_id": "",
            "vpc_endpoint_id": "",
            "vpc_peering_connection_id": ""
          },
          "sensitive_attributes": [],
          "identity_schema_version": 0,
          "identity": {
            "account_id": "905418307317",
            "destination_cidr_block": "0.0.0.0/0",
            "destination_ipv6_cidr_block": null,
            "destination_prefix_list_id": null,
            "region": "us-east-1",
            "route_table_id": "rtb-0b707d0fb82445c76"
          },
          "private": "eyJlMmJmYjczMC1lY2FhLTExZTYtOGY4OC0zNDM2M2JjN2M0YzAiOnsiY3JlYXRlIjozMDAwMDAwMDAwMDAsImRlbGV0ZSI6MzAwMDAwMDAwMDAwLCJ1cGRhdGUiOjEyMDAwMDAwMDAwMH19",
          "dependencies": [
            "module.vpc.aws_internet_gateway.gw",
            "module.vpc.aws_route_table.database_rtb",
            "module.vpc.aws_route_table.dmz_rtb",
            "module.vpc.aws_vpc.main"
          ]
        }
      ]
    },
    {
      "module": "module.vpc",
      "mode": "managed",
      "type": "aws_route_table",
      "name": "computing_rtb",
      "provider": "provider[\"registry.terraform.io/hashicorp/aws\"]",
      "instances": [
        {
          "schema_version": 0,
          "attributes": {
            "arn": "arn:aws:ec2:us-east-1:905418307317:route-table/rtb-04894319806de8cba",
            "id": "rtb-04894319806de8cba",
            "owner_id": "905418307317",
            "propagating_vgws": [],
            "region": "us-east-1",
            "route": [
              {
                "carrier_gateway_id": "",
                "cidr_block": "0.0.0.0/0",
                "core_network_arn": "",
                "destination_prefix_list_id": "",
                "egress_only_gateway_id": "",
                "gateway_id": "igw-05d6855a5ba57d1e6",
                "ipv6_cidr_block": "",
                "local_gateway_id": "",
                "nat_gateway_id": "",
                "network_interface_id": "",
                "transit_gateway_id": "",
                "vpc_endpoint_id": "",
                "vpc_peering_connection_id": ""
              }
            ],
            "tags": {
              "Name": "rtb-projeto-computing"
            },
            "tags_all": {
              "Name": "rtb-projeto-computing"
            },
            "timeouts": null,
            "vpc_id": "vpc-09519559a90c70337"
          },
          "sensitive_attributes": [],
          "identity_schema_version": 0,
          "identity": {
            "account_id": "905418307317",
            "id": "rtb-04894319806de8cba",
            "region": "us-east-1"
          },
          "private": "eyJlMmJmYjczMC1lY2FhLTExZTYtOGY4OC0zNDM2M2JjN2M0YzAiOnsiY3JlYXRlIjozMDAwMDAwMDAwMDAsImRlbGV0ZSI6MzAwMDAwMDAwMDAwLCJ1cGRhdGUiOjEyMDAwMDAwMDAwMH19",
          "dependencies": [
            "module.vpc.aws_vpc.main"
          ]
        }
      ]
    },
    {
      "module": "module.vpc",
      "mode": "managed",
      "type": "aws_route_table",
      "name": "database_rtb",
      "provider": "provider[\"registry.terraform.io/hashicorp/aws\"]",
      "instances": [
        {
          "schema_version": 0,
          "attributes": {
            "arn": "arn:aws:ec2:us-east-1:905418307317:route-table/rtb-0b707d0fb82445c76",
            "id": "rtb-0b707d0fb82445c76",
            "owner_id": "905418307317",
            "propagating_vgws": [],
            "region": "us-east-1",
            "route": [
              {
                "carrier_gateway_id": "",
                "cidr_block": "0.0.0.0/0",
                "core_network_arn": "",
                "destination_prefix_list_id": "",
                "egress_only_gateway_id": "",
                "gateway_id": "igw-05d6855a5ba57d1e6",
                "ipv6_cidr_block": "",
                "local_gateway_id": "",
                "nat_gateway_id": "",
                "network_interface_id": "",
                "transit_gateway_id": "",
                "vpc_endpoint_id": "",
                "vpc_peering_connection_id": ""
              }
            ],
            "tags": {
              "Name": "rtb-projeto-database"
            },
            "tags_all": {
              "Name": "rtb-projeto-database"
            },
            "timeouts": null,
            "vpc_id": "vpc-09519559a90c70337"
          },
          "sensitive_attributes": [],
          "identity_schema_version": 0,
          "identity": {
            "account_id": "905418307317",
            "id": "rtb-0b707d0fb82445c76",
            "region": "us-east-1"
          },
          "private": "eyJlMmJmYjczMC1lY2FhLTExZTYtOGY4OC0zNDM2M2JjN2M0YzAiOnsiY3JlYXRlIjozMDAwMDAwMDAwMDAsImRlbGV0ZSI6MzAwMDAwMDAwMDAwLCJ1cGRhdGUiOjEyMDAwMDAwMDAwMH19",
          "dependencies": [
            "module.vpc.aws_vpc.main"
          ]
        }
      ]
    },
    {
      "module": "module.vpc",
      "mode": "managed",
      "type": "aws_route_table",
      "name": "dmz_rtb",
      "provider": "provider[\"registry.terraform.io/hashicorp/aws\"]",
      "instances": [
        {
          "schema_version": 0,
          "attributes": {
            "arn": "arn:aws:ec2:us-east-1:905418307317:route-table/rtb-066b8e7289aa06ccf",
            "id": "rtb-066b8e7289aa06ccf",
            "owner_id": "905418307317",
            "propagating_vgws": [],
            "region": "us-east-1",
            "route": [
              {
                "carrier_gateway_id": "",
                "cidr_block": "0.0.0.0/0",
                "core_network_arn": "",
                "destination_prefix_list_id": "",
                "egress_only_gateway_id": "",
                "gateway_id": "igw-05d6855a5ba57d1e6",
                "ipv6_cidr_block": "",
                "local_gateway_id": "",
                "nat_gateway_id": "",
                "network_interface_id": "",
                "transit_gateway_id": "",
                "vpc_endpoint_id": "",
                "vpc_peering_connection_id": ""
              }
            ],
            "tags": {
              "Name": "rtb-projeto-dmz"
            },
            "tags_all": {
              "Name": "rtb-projeto-dmz"
            },
            "timeouts": null,
            "vpc_id": "vpc-09519559a90c70337"
          },
          "sensitive_attributes": [],
          "identity_schema_version": 0,
          "identity": {
            "account_id": "905418307317",
            "id": "rtb-066b8e7289aa06ccf",
            "region": "us-east-1"
          },
          "private": "eyJlMmJmYjczMC1lY2FhLTExZTYtOGY4OC0zNDM2M2JjN2M0YzAiOnsiY3JlYXRlIjozMDAwMDAwMDAwMDAsImRlbGV0ZSI6MzAwMDAwMDAwMDAwLCJ1cGRhdGUiOjEyMDAwMDAwMDAwMH19",
          "dependencies": [
            "module.vpc.aws_internet_gateway.gw",
            "module.vpc.aws_vpc.main"
          ]
        }
      ]
    },
    {
      "module": "module.vpc",
      "mode": "managed",
      "type": "aws_route_table_association",
      "name": "computing-1a",
      "provider": "provider[\"registry.terraform.io/hashicorp/aws\"]",
      "instances": [
        {
          "schema_version": 0,
          "attributes": {
            "gateway_id": "",
            "id": "rtbassoc-0dc9572978f25c276",
            "region": "us-east-1",
            "route_table_id": "rtb-04894319806de8cba",
            "subnet_id": "subnet-0fa58583f7d290370",
            "timeouts": null
          },
          "sensitive_attributes": [],
          "identity_schema_version": 0,
          "private": "eyJlMmJmYjczMC1lY2FhLTExZTYtOGY4OC0zNDM2M2JjN2M0YzAiOnsiY3JlYXRlIjozMDAwMDAwMDAwMDAsImRlbGV0ZSI6MzAwMDAwMDAwMDAwLCJ1cGRhdGUiOjEyMDAwMDAwMDAwMH19",
          "dependencies": [
            "module.vpc.aws_route_table.computing_rtb",
            "module.vpc.aws_subnet.computing_subnet_1a",
            "module.vpc.aws_vpc.main"
          ]
        }
      ]
    },
    {
      "module": "module.vpc",
      "mode": "managed",
      "type": "aws_route_table_association",
      "name": "computing-1b",
      "provider": "provider[\"registry.terraform.io/hashicorp/aws\"]",
      "instances": [
        {
          "schema_version": 0,
          "attributes": {
            "gateway_id": "",
            "id": "rtbassoc-0f8c107ef603028f0",
            "region": "us-east-1",
            "route_table_id": "rtb-04894319806de8cba",
            "subnet_id": "subnet-0355231144a886be2",
            "timeouts": null
          },
          "sensitive_attributes": [],
          "identity_schema_version": 0,
          "private": "eyJlMmJmYjczMC1lY2FhLTExZTYtOGY4OC0zNDM2M2JjN2M0YzAiOnsiY3JlYXRlIjozMDAwMDAwMDAwMDAsImRlbGV0ZSI6MzAwMDAwMDAwMDAwLCJ1cGRhdGUiOjEyMDAwMDAwMDAwMH19",
          "dependencies": [
            "module.vpc.aws_route_table.computing_rtb",
            "module.vpc.aws_subnet.computing_subnet_1b",
            "module.vpc.aws_vpc.main"
          ]
        }
      ]
    },
    {
      "module": "module.vpc",
      "mode": "managed",
      "type": "aws_route_table_association",
      "name": "computing-1c",
      "provider": "provider[\"registry.terraform.io/hashicorp/aws\"]",
      "instances": [
        {
          "schema_version": 0,
          "attributes": {
            "gateway_id": "",
            "id": "rtbassoc-0c5c8774cf0635c6c",
            "region": "us-east-1",
            "route_table_id": "rtb-04894319806de8cba",
            "subnet_id": "subnet-0acf8a6e529355b71",
            "timeouts": null
          },
          "sensitive_attributes": [],
          "identity_schema_version": 0,
          "private": "eyJlMmJmYjczMC1lY2FhLTExZTYtOGY4OC0zNDM2M2JjN2M0YzAiOnsiY3JlYXRlIjozMDAwMDAwMDAwMDAsImRlbGV0ZSI6MzAwMDAwMDAwMDAwLCJ1cGRhdGUiOjEyMDAwMDAwMDAwMH19",
          "dependencies": [
            "module.vpc.aws_route_table.computing_rtb",
            "module.vpc.aws_subnet.computing_subnet_1c",
            "module.vpc.aws_vpc.main"
          ]
        }
      ]
    },
    {
      "module": "module.vpc",
      "mode": "managed",
      "type": "aws_route_table_association",
      "name": "database-1a",
      "provider": "provider[\"registry.terraform.io/hashicorp/aws\"]",
      "instances": [
        {
          "schema_version": 0,
          "attributes": {
            "gateway_id": "",
            "id": "rtbassoc-02732f9b0f8207b2e",
            "region": "us-east-1",
            "route_table_id": "rtb-0b707d0fb82445c76",
            "subnet_id": "subnet-0322c4c2483bc50d4",
            "timeouts": null
          },
          "sensitive_attributes": [],
          "identity_schema_version": 0,
          "private": "eyJlMmJmYjczMC1lY2FhLTExZTYtOGY4OC0zNDM2M2JjN2M0YzAiOnsiY3JlYXRlIjozMDAwMDAwMDAwMDAsImRlbGV0ZSI6MzAwMDAwMDAwMDAwLCJ1cGRhdGUiOjEyMDAwMDAwMDAwMH19",
          "dependencies": [
            "module.vpc.aws_route_table.database_rtb",
            "module.vpc.aws_subnet.database_subnet_1a",
            "module.vpc.aws_vpc.main"
          ]
        }
      ]
    },
    {
      "module": "module.vpc",
      "mode": "managed",
      "type": "aws_route_table_association",
      "name": "database-1b",
      "provider": "provider[\"registry.terraform.io/hashicorp/aws\"]",
      "instances": [
        {
          "schema_version": 0,
          "attributes": {
            "gateway_id": "",
            "id": "rtbassoc-0e3d209aefee49c0b",
            "region": "us-east-1",
            "route_table_id": "rtb-0b707d0fb82445c76",
            "subnet_id": "subnet-03a5cea0f55acced3",
            "timeouts": null
          },
          "sensitive_attributes": [],
          "identity_schema_version": 0,
          "private": "eyJlMmJmYjczMC1lY2FhLTExZTYtOGY4OC0zNDM2M2JjN2M0YzAiOnsiY3JlYXRlIjozMDAwMDAwMDAwMDAsImRlbGV0ZSI6MzAwMDAwMDAwMDAwLCJ1cGRhdGUiOjEyMDAwMDAwMDAwMH19",
          "dependencies": [
            "module.vpc.aws_route_table.database_rtb",
            "module.vpc.aws_subnet.database_subnet_1b",
            "module.vpc.aws_vpc.main"
          ]
        }
      ]
    },
    {
      "module": "module.vpc",
      "mode": "managed",
      "type": "aws_route_table_association",
      "name": "database-1c",
      "provider": "provider[\"registry.terraform.io/hashicorp/aws\"]",
      "instances": [
        {
          "schema_version": 0,
          "attributes": {
            "gateway_id": "",
            "id": "rtbassoc-085ddf4e06e4f5758",
            "region": "us-east-1",
            "route_table_id": "rtb-0b707d0fb82445c76",
            "subnet_id": "subnet-0c2b8357527a35c20",
            "timeouts": null
          },
          "sensitive_attributes": [],
          "identity_schema_version": 0,
          "private": "eyJlMmJmYjczMC1lY2FhLTExZTYtOGY4OC0zNDM2M2JjN2M0YzAiOnsiY3JlYXRlIjozMDAwMDAwMDAwMDAsImRlbGV0ZSI6MzAwMDAwMDAwMDAwLCJ1cGRhdGUiOjEyMDAwMDAwMDAwMH19",
          "dependencies": [
            "module.vpc.aws_route_table.database_rtb",
            "module.vpc.aws_subnet.database_subnet_1c",
            "module.vpc.aws_vpc.main"
          ]
        }
      ]
    },
    {
      "module": "module.vpc",
      "mode": "managed",
      "type": "aws_route_table_association",
      "name": "dmz-1a",
      "provider": "provider[\"registry.terraform.io/hashicorp/aws\"]",
      "instances": [
        {
          "schema_version": 0,
          "attributes": {
            "gateway_id": "",
            "id": "rtbassoc-03daf9c2d776ad1cb",
            "region": "us-east-1",
            "route_table_id": "rtb-066b8e7289aa06ccf",
            "subnet_id": "subnet-028c9b4ba1c365f47",
            "timeouts": null
          },
          "sensitive_attributes": [],
          "identity_schema_version": 0,
          "private": "eyJlMmJmYjczMC1lY2FhLTExZTYtOGY4OC0zNDM2M2JjN2M0YzAiOnsiY3JlYXRlIjozMDAwMDAwMDAwMDAsImRlbGV0ZSI6MzAwMDAwMDAwMDAwLCJ1cGRhdGUiOjEyMDAwMDAwMDAwMH19",
          "dependencies": [
            "module.vpc.aws_internet_gateway.gw",
            "module.vpc.aws_route_table.dmz_rtb",
            "module.vpc.aws_subnet.dmz_subnet_1a",
            "module.vpc.aws_vpc.main"
          ]
        }
      ]
    },
    {
      "module": "module.vpc",
      "mode": "managed",
      "type": "aws_route_table_association",
      "name": "dmz-1b",
      "provider": "provider[\"registry.terraform.io/hashicorp/aws\"]",
      "instances": [
        {
          "schema_version": 0,
          "attributes": {
            "gateway_id": "",
            "id": "rtbassoc-00c9014c39d435df4",
            "region": "us-east-1",
            "route_table_id": "rtb-066b8e7289aa06ccf",
            "subnet_id": "subnet-0cd28bc592112034a",
            "timeouts": null
          },
          "sensitive_attributes": [],
          "identity_schema_version": 0,
          "private": "eyJlMmJmYjczMC1lY2FhLTExZTYtOGY4OC0zNDM2M2JjN2M0YzAiOnsiY3JlYXRlIjozMDAwMDAwMDAwMDAsImRlbGV0ZSI6MzAwMDAwMDAwMDAwLCJ1cGRhdGUiOjEyMDAwMDAwMDAwMH19",
          "dependencies": [
            "module.vpc.aws_internet_gateway.gw",
            "module.vpc.aws_route_table.dmz_rtb",
            "module.vpc.aws_subnet.dmz_subnet_1b",
            "module.vpc.aws_vpc.main"
          ]
        }
      ]
    },
    {
      "module": "module.vpc",
      "mode": "managed",
      "type": "aws_route_table_association",
      "name": "dmz-1c",
      "provider": "provider[\"registry.terraform.io/hashicorp/aws\"]",
      "instances": [
        {
          "schema_version": 0,
          "attributes": {
            "gateway_id": "",
            "id": "rtbassoc-09c22a79f355a0a8a",
            "region": "us-east-1",
            "route_table_id": "rtb-066b8e7289aa06ccf",
            "subnet_id": "subnet-000cf010087b93a8e",
            "timeouts": null
          },
          "sensitive_attributes": [],
          "identity_schema_version": 0,
          "private": "eyJlMmJmYjczMC1lY2FhLTExZTYtOGY4OC0zNDM2M2JjN2M0YzAiOnsiY3JlYXRlIjozMDAwMDAwMDAwMDAsImRlbGV0ZSI6MzAwMDAwMDAwMDAwLCJ1cGRhdGUiOjEyMDAwMDAwMDAwMH19",
          "dependencies": [
            "module.vpc.aws_internet_gateway.gw",
            "module.vpc.aws_route_table.dmz_rtb",
            "module.vpc.aws_subnet.dmz_subnet_1c",
            "module.vpc.aws_vpc.main"
          ]
        }
      ]
    },
    {
      "module": "module.vpc",
      "mode": "managed",
      "type": "aws_subnet",
      "name": "computing_subnet_1a",
      "provider": "provider[\"registry.terraform.io/hashicorp/aws\"]",
      "instances": [
        {
          "schema_version": 1,
          "attributes": {
            "arn": "arn:aws:ec2:us-east-1:905418307317:subnet/subnet-0fa58583f7d290370",
            "assign_ipv6_address_on_creation": false,
            "availability_zone": "us-east-1a",
            "availability_zone_id": "use1-az1",
            "cidr_block": "10.0.0.0/24",
            "customer_owned_ipv4_pool": "",
            "enable_dns64": false,
            "enable_lni_at_device_index": 0,
            "enable_resource_name_dns_a_record_on_launch": false,
            "enable_resource_name_dns_aaaa_record_on_launch": false,
            "id": "subnet-0fa58583f7d290370",
            "ipv6_cidr_block": "",
            "ipv6_cidr_block_association_id": "",
            "ipv6_native": false,
            "map_customer_owned_ip_on_launch": false,
            "map_public_ip_on_launch": false,
            "outpost_arn": "",
            "owner_id": "905418307317",
            "private_dns_hostname_type_on_launch": "ip-name",
            "region": "us-east-1",
            "tags": {
              "Name": "sn-projeto-computing-1a",
              "karpenter.sh/discovery": "projeto",
              "kubernetes.io/role/cni": "1",
              "kubernetes.io/role/internal-elb": "1"
            },
            "tags_all": {
              "Name": "sn-projeto-computing-1a",
              "karpenter.sh/discovery": "projeto",
              "kubernetes.io/role/cni": "1",
              "kubernetes.io/role/internal-elb": "1"
            },
            "timeouts": null,
            "vpc_id": "vpc-09519559a90c70337"
          },
          "sensitive_attributes": [],
          "identity_schema_version": 0,
          "identity": {
            "account_id": "905418307317",
            "id": "subnet-0fa58583f7d290370",
            "region": "us-east-1"
          },
          "private": "eyJlMmJmYjczMC1lY2FhLTExZTYtOGY4OC0zNDM2M2JjN2M0YzAiOnsiY3JlYXRlIjo2MDAwMDAwMDAwMDAsImRlbGV0ZSI6MTIwMDAwMDAwMDAwMH0sInNjaGVtYV92ZXJzaW9uIjoiMSJ9",
          "dependencies": [
            "module.vpc.aws_vpc.main"
          ]
        }
      ]
    },
    {
      "module": "module.vpc",
      "mode": "managed",
      "type": "aws_subnet",
      "name": "computing_subnet_1b",
      "provider": "provider[\"registry.terraform.io/hashicorp/aws\"]",
      "instances": [
        {
          "schema_version": 1,
          "attributes": {
            "arn": "arn:aws:ec2:us-east-1:905418307317:subnet/subnet-0355231144a886be2",
            "assign_ipv6_address_on_creation": false,
            "availability_zone": "us-east-1b",
            "availability_zone_id": "use1-az2",
            "cidr_block": "10.0.1.0/24",
            "customer_owned_ipv4_pool": "",
            "enable_dns64": false,
            "enable_lni_at_device_index": 0,
            "enable_resource_name_dns_a_record_on_launch": false,
            "enable_resource_name_dns_aaaa_record_on_launch": false,
            "id": "subnet-0355231144a886be2",
            "ipv6_cidr_block": "",
            "ipv6_cidr_block_association_id": "",
            "ipv6_native": false,
            "map_customer_owned_ip_on_launch": false,
            "map_public_ip_on_launch": false,
            "outpost_arn": "",
            "owner_id": "905418307317",
            "private_dns_hostname_type_on_launch": "ip-name",
            "region": "us-east-1",
            "tags": {
              "Name": "sn-projeto-computing-1b",
              "karpenter.sh/discovery": "projeto",
              "kubernetes.io/role/cni": "1",
              "kubernetes.io/role/internal-elb": "1"
            },
            "tags_all": {
              "Name": "sn-projeto-computing-1b",
              "karpenter.sh/discovery": "projeto",
              "kubernetes.io/role/cni": "1",
              "kubernetes.io/role/internal-elb": "1"
            },
            "timeouts": null,
            "vpc_id": "vpc-09519559a90c70337"
          },
          "sensitive_attributes": [],
          "identity_schema_version": 0,
          "identity": {
            "account_id": "905418307317",
            "id": "subnet-0355231144a886be2",
            "region": "us-east-1"
          },
          "private": "eyJlMmJmYjczMC1lY2FhLTExZTYtOGY4OC0zNDM2M2JjN2M0YzAiOnsiY3JlYXRlIjo2MDAwMDAwMDAwMDAsImRlbGV0ZSI6MTIwMDAwMDAwMDAwMH0sInNjaGVtYV92ZXJzaW9uIjoiMSJ9",
          "dependencies": [
            "module.vpc.aws_vpc.main"
          ]
        }
      ]
    },
    {
      "module": "module.vpc",
      "mode": "managed",
      "type": "aws_subnet",
      "name": "computing_subnet_1c",
      "provider": "provider[\"registry.terraform.io/hashicorp/aws\"]",
      "instances": [
        {
          "schema_version": 1,
          "attributes": {
            "arn": "arn:aws:ec2:us-east-1:905418307317:subnet/subnet-0acf8a6e529355b71",
            "assign_ipv6_address_on_creation": false,
            "availability_zone": "us-east-1c",
            "availability_zone_id": "use1-az4",
            "cidr_block": "10.0.2.0/24",
            "customer_owned_ipv4_pool": "",
            "enable_dns64": false,
            "enable_lni_at_device_index": 0,
            "enable_resource_name_dns_a_record_on_launch": false,
            "enable_resource_name_dns_aaaa_record_on_launch": false,
            "id": "subnet-0acf8a6e529355b71",
            "ipv6_cidr_block": "",
            "ipv6_cidr_block_association_id": "",
            "ipv6_native": false,
            "map_customer_owned_ip_on_launch": false,
            "map_public_ip_on_launch": false,
            "outpost_arn": "",
            "owner_id": "905418307317",
            "private_dns_hostname_type_on_launch": "ip-name",
            "region": "us-east-1",
            "tags": {
              "Name": "sn-projeto-computing-1c",
              "karpenter.sh/discovery": "projeto",
              "kubernetes.io/role/cni": "1",
              "kubernetes.io/role/internal-elb": "1"
            },
            "tags_all": {
              "Name": "sn-projeto-computing-1c",
              "karpenter.sh/discovery": "projeto",
              "kubernetes.io/role/cni": "1",
              "kubernetes.io/role/internal-elb": "1"
            },
            "timeouts": null,
            "vpc_id": "vpc-09519559a90c70337"
          },
          "sensitive_attributes": [],
          "identity_schema_version": 0,
          "identity": {
            "account_id": "905418307317",
            "id": "subnet-0acf8a6e529355b71",
            "region": "us-east-1"
          },
          "private": "eyJlMmJmYjczMC1lY2FhLTExZTYtOGY4OC0zNDM2M2JjN2M0YzAiOnsiY3JlYXRlIjo2MDAwMDAwMDAwMDAsImRlbGV0ZSI6MTIwMDAwMDAwMDAwMH0sInNjaGVtYV92ZXJzaW9uIjoiMSJ9",
          "dependencies": [
            "module.vpc.aws_vpc.main"
          ]
        }
      ]
    },
    {
      "module": "module.vpc",
      "mode": "managed",
      "type": "aws_subnet",
      "name": "database_subnet_1a",
      "provider": "provider[\"registry.terraform.io/hashicorp/aws\"]",
      "instances": [
        {
          "schema_version": 1,
          "attributes": {
            "arn": "arn:aws:ec2:us-east-1:905418307317:subnet/subnet-0322c4c2483bc50d4",
            "assign_ipv6_address_on_creation": false,
            "availability_zone": "us-east-1a",
            "availability_zone_id": "use1-az1",
            "cidr_block": "10.0.3.0/24",
            "customer_owned_ipv4_pool": "",
            "enable_dns64": false,
            "enable_lni_at_device_index": 0,
            "enable_resource_name_dns_a_record_on_launch": false,
            "enable_resource_name_dns_aaaa_record_on_launch": false,
            "id": "subnet-0322c4c2483bc50d4",
            "ipv6_cidr_block": "",
            "ipv6_cidr_block_association_id": "",
            "ipv6_native": false,
            "map_customer_owned_ip_on_launch": false,
            "map_public_ip_on_launch": false,
            "outpost_arn": "",
            "owner_id": "905418307317",
            "private_dns_hostname_type_on_launch": "ip-name",
            "region": "us-east-1",
            "tags": {
              "Name": "sn-projeto-database-1a"
            },
            "tags_all": {
              "Name": "sn-projeto-database-1a"
            },
            "timeouts": null,
            "vpc_id": "vpc-09519559a90c70337"
          },
          "sensitive_attributes": [],
          "identity_schema_version": 0,
          "identity": {
            "account_id": "905418307317",
            "id": "subnet-0322c4c2483bc50d4",
            "region": "us-east-1"
          },
          "private": "eyJlMmJmYjczMC1lY2FhLTExZTYtOGY4OC0zNDM2M2JjN2M0YzAiOnsiY3JlYXRlIjo2MDAwMDAwMDAwMDAsImRlbGV0ZSI6MTIwMDAwMDAwMDAwMH0sInNjaGVtYV92ZXJzaW9uIjoiMSJ9",
          "dependencies": [
            "module.vpc.aws_vpc.main"
          ]
        }
      ]
    },
    {
      "module": "module.vpc",
      "mode": "managed",
      "type": "aws_subnet",
      "name": "database_subnet_1b",
      "provider": "provider[\"registry.terraform.io/hashicorp/aws\"]",
      "instances": [
        {
          "schema_version": 1,
          "attributes": {
            "arn": "arn:aws:ec2:us-east-1:905418307317:subnet/subnet-03a5cea0f55acced3",
            "assign_ipv6_address_on_creation": false,
            "availability_zone": "us-east-1b",
            "availability_zone_id": "use1-az2",
            "cidr_block": "10.0.4.0/24",
            "customer_owned_ipv4_pool": "",
            "enable_dns64": false,
            "enable_lni_at_device_index": 0,
            "enable_resource_name_dns_a_record_on_launch": false,
            "enable_resource_name_dns_aaaa_record_on_launch": false,
            "id": "subnet-03a5cea0f55acced3",
            "ipv6_cidr_block": "",
            "ipv6_cidr_block_association_id": "",
            "ipv6_native": false,
            "map_customer_owned_ip_on_launch": false,
            "map_public_ip_on_launch": false,
            "outpost_arn": "",
            "owner_id": "905418307317",
            "private_dns_hostname_type_on_launch": "ip-name",
            "region": "us-east-1",
            "tags": {
              "Name": "sn-projeto-database-1b"
            },
            "tags_all": {
              "Name": "sn-projeto-database-1b"
            },
            "timeouts": null,
            "vpc_id": "vpc-09519559a90c70337"
          },
          "sensitive_attributes": [],
          "identity_schema_version": 0,
          "identity": {
            "account_id": "905418307317",
            "id": "subnet-03a5cea0f55acced3",
            "region": "us-east-1"
          },
          "private": "eyJlMmJmYjczMC1lY2FhLTExZTYtOGY4OC0zNDM2M2JjN2M0YzAiOnsiY3JlYXRlIjo2MDAwMDAwMDAwMDAsImRlbGV0ZSI6MTIwMDAwMDAwMDAwMH0sInNjaGVtYV92ZXJzaW9uIjoiMSJ9",
          "dependencies": [
            "module.vpc.aws_vpc.main"
          ]
        }
      ]
    },
    {
      "module": "module.vpc",
      "mode": "managed",
      "type": "aws_subnet",
      "name": "database_subnet_1c",
      "provider": "provider[\"registry.terraform.io/hashicorp/aws\"]",
      "instances": [
        {
          "schema_version": 1,
          "attributes": {
            "arn": "arn:aws:ec2:us-east-1:905418307317:subnet/subnet-0c2b8357527a35c20",
            "assign_ipv6_address_on_creation": false,
            "availability_zone": "us-east-1c",
            "availability_zone_id": "use1-az4",
            "cidr_block": "10.0.5.0/24",
            "customer_owned_ipv4_pool": "",
            "enable_dns64": false,
            "enable_lni_at_device_index": 0,
            "enable_resource_name_dns_a_record_on_launch": false,
            "enable_resource_name_dns_aaaa_record_on_launch": false,
            "id": "subnet-0c2b8357527a35c20",
            "ipv6_cidr_block": "",
            "ipv6_cidr_block_association_id": "",
            "ipv6_native": false,
            "map_customer_owned_ip_on_launch": false,
            "map_public_ip_on_launch": false,
            "outpost_arn": "",
            "owner_id": "905418307317",
            "private_dns_hostname_type_on_launch": "ip-name",
            "region": "us-east-1",
            "tags": {
              "Name": "sn-projeto-database-1c"
            },
            "tags_all": {
              "Name": "sn-projeto-database-1c"
            },
            "timeouts": null,
            "vpc_id": "vpc-09519559a90c70337"
          },
          "sensitive_attributes": [],
          "identity_schema_version": 0,
          "identity": {
            "account_id": "905418307317",
            "id": "subnet-0c2b8357527a35c20",
            "region": "us-east-1"
          },
          "private": "eyJlMmJmYjczMC1lY2FhLTExZTYtOGY4OC0zNDM2M2JjN2M0YzAiOnsiY3JlYXRlIjo2MDAwMDAwMDAwMDAsImRlbGV0ZSI6MTIwMDAwMDAwMDAwMH0sInNjaGVtYV92ZXJzaW9uIjoiMSJ9",
          "dependencies": [
            "module.vpc.aws_vpc.main"
          ]
        }
      ]
    },
    {
      "module": "module.vpc",
      "mode": "managed",
      "type": "aws_subnet",
      "name": "dmz_subnet_1a",
      "provider": "provider[\"registry.terraform.io/hashicorp/aws\"]",
      "instances": [
        {
          "schema_version": 1,
          "attributes": {
            "arn": "arn:aws:ec2:us-east-1:905418307317:subnet/subnet-028c9b4ba1c365f47",
            "assign_ipv6_address_on_creation": false,
            "availability_zone": "us-east-1a",
            "availability_zone_id": "use1-az1",
            "cidr_block": "10.0.6.0/24",
            "customer_owned_ipv4_pool": "",
            "enable_dns64": false,
            "enable_lni_at_device_index": 0,
            "enable_resource_name_dns_a_record_on_launch": false,
            "enable_resource_name_dns_aaaa_record_on_launch": false,
            "id": "subnet-028c9b4ba1c365f47",
            "ipv6_cidr_block": "",
            "ipv6_cidr_block_association_id": "",
            "ipv6_native": false,
            "map_customer_owned_ip_on_launch": false,
            "map_public_ip_on_launch": false,
            "outpost_arn": "",
            "owner_id": "905418307317",
            "private_dns_hostname_type_on_launch": "ip-name",
            "region": "us-east-1",
            "tags": {
              "Name": "sn-projeto-dmz-1a"
            },
            "tags_all": {
              "Name": "sn-projeto-dmz-1a"
            },
            "timeouts": null,
            "vpc_id": "vpc-09519559a90c70337"
          },
          "sensitive_attributes": [],
          "identity_schema_version": 0,
          "identity": {
            "account_id": "905418307317",
            "id": "subnet-028c9b4ba1c365f47",
            "region": "us-east-1"
          },
          "private": "eyJlMmJmYjczMC1lY2FhLTExZTYtOGY4OC0zNDM2M2JjN2M0YzAiOnsiY3JlYXRlIjo2MDAwMDAwMDAwMDAsImRlbGV0ZSI6MTIwMDAwMDAwMDAwMH0sInNjaGVtYV92ZXJzaW9uIjoiMSJ9",
          "dependencies": [
            "module.vpc.aws_vpc.main"
          ]
        }
      ]
    },
    {
      "module": "module.vpc",
      "mode": "managed",
      "type": "aws_subnet",
      "name": "dmz_subnet_1b",
      "provider": "provider[\"registry.terraform.io/hashicorp/aws\"]",
      "instances": [
        {
          "schema_version": 1,
          "attributes": {
            "arn": "arn:aws:ec2:us-east-1:905418307317:subnet/subnet-0cd28bc592112034a",
            "assign_ipv6_address_on_creation": false,
            "availability_zone": "us-east-1b",
            "availability_zone_id": "use1-az2",
            "cidr_block": "10.0.7.0/24",
            "customer_owned_ipv4_pool": "",
            "enable_dns64": false,
            "enable_lni_at_device_index": 0,
            "enable_resource_name_dns_a_record_on_launch": false,
            "enable_resource_name_dns_aaaa_record_on_launch": false,
            "id": "subnet-0cd28bc592112034a",
            "ipv6_cidr_block": "",
            "ipv6_cidr_block_association_id": "",
            "ipv6_native": false,
            "map_customer_owned_ip_on_launch": false,
            "map_public_ip_on_launch": false,
            "outpost_arn": "",
            "owner_id": "905418307317",
            "private_dns_hostname_type_on_launch": "ip-name",
            "region": "us-east-1",
            "tags": {
              "Name": "sn-projeto-dmz-1b"
            },
            "tags_all": {
              "Name": "sn-projeto-dmz-1b"
            },
            "timeouts": null,
            "vpc_id": "vpc-09519559a90c70337"
          },
          "sensitive_attributes": [],
          "identity_schema_version": 0,
          "identity": {
            "account_id": "905418307317",
            "id": "subnet-0cd28bc592112034a",
            "region": "us-east-1"
          },
          "private": "eyJlMmJmYjczMC1lY2FhLTExZTYtOGY4OC0zNDM2M2JjN2M0YzAiOnsiY3JlYXRlIjo2MDAwMDAwMDAwMDAsImRlbGV0ZSI6MTIwMDAwMDAwMDAwMH0sInNjaGVtYV92ZXJzaW9uIjoiMSJ9",
          "dependencies": [
            "module.vpc.aws_vpc.main"
          ]
        }
      ]
    },
    {
      "module": "module.vpc",
      "mode": "managed",
      "type": "aws_subnet",
      "name": "dmz_subnet_1c",
      "provider": "provider[\"registry.terraform.io/hashicorp/aws\"]",
      "instances": [
        {
          "schema_version": 1,
          "attributes": {
            "arn": "arn:aws:ec2:us-east-1:905418307317:subnet/subnet-000cf010087b93a8e",
            "assign_ipv6_address_on_creation": false,
            "availability_zone": "us-east-1c",
            "availability_zone_id": "use1-az4",
            "cidr_block": "10.0.8.0/24",
            "customer_owned_ipv4_pool": "",
            "enable_dns64": false,
            "enable_lni_at_device_index": 0,
            "enable_resource_name_dns_a_record_on_launch": false,
            "enable_resource_name_dns_aaaa_record_on_launch": false,
            "id": "subnet-000cf010087b93a8e",
            "ipv6_cidr_block": "",
            "ipv6_cidr_block_association_id": "",
            "ipv6_native": false,
            "map_customer_owned_ip_on_launch": false,
            "map_public_ip_on_launch": false,
            "outpost_arn": "",
            "owner_id": "905418307317",
            "private_dns_hostname_type_on_launch": "ip-name",
            "region": "us-east-1",
            "tags": {
              "Name": "sn-projeto-dmz-1c"
            },
            "tags_all": {
              "Name": "sn-projeto-dmz-1c"
            },
            "timeouts": null,
            "vpc_id": "vpc-09519559a90c70337"
          },
          "sensitive_attributes": [],
          "identity_schema_version": 0,
          "identity": {
            "account_id": "905418307317",
            "id": "subnet-000cf010087b93a8e",
            "region": "us-east-1"
          },
          "private": "eyJlMmJmYjczMC1lY2FhLTExZTYtOGY4OC0zNDM2M2JjN2M0YzAiOnsiY3JlYXRlIjo2MDAwMDAwMDAwMDAsImRlbGV0ZSI6MTIwMDAwMDAwMDAwMH0sInNjaGVtYV92ZXJzaW9uIjoiMSJ9",
          "dependencies": [
            "module.vpc.aws_vpc.main"
          ]
        }
      ]
    },
    {
      "module": "module.vpc",
      "mode": "managed",
      "type": "aws_vpc",
      "name": "main",
      "provider": "provider[\"registry.terraform.io/hashicorp/aws\"]",
      "instances": [
        {
          "schema_version": 1,
          "attributes": {
            "arn": "arn:aws:ec2:us-east-1:905418307317:vpc/vpc-09519559a90c70337",
            "assign_generated_ipv6_cidr_block": false,
            "cidr_block": "10.0.0.0/16",
            "default_network_acl_id": "acl-05d757a083dae57ad",
            "default_route_table_id": "rtb-0377e03aaad5a03ed",
            "default_security_group_id": "sg-0d6fc7f22efb3eb02",
            "dhcp_options_id": "dopt-068c8ee50192121d8",
            "enable_dns_hostnames": true,
            "enable_dns_support": true,
            "enable_network_address_usage_metrics": false,
            "id": "vpc-09519559a90c70337",
            "instance_tenancy": "default",
            "ipv4_ipam_pool_id": null,
            "ipv4_netmask_length": null,
            "ipv6_association_id": "",
            "ipv6_cidr_block": "",
            "ipv6_cidr_block_network_border_group": "",
            "ipv6_ipam_pool_id": "",
            "ipv6_netmask_length": 0,
            "main_route_table_id": "rtb-0377e03aaad5a03ed",
            "owner_id": "905418307317",
            "region": "us-east-1",
            "tags": {
              "Name": "vpc-projeto",
              "Terraform": "true"
            },
            "tags_all": {
              "Name": "vpc-projeto",
              "Terraform": "true"
            }
          },
          "sensitive_attributes": [],
          "identity_schema_version": 0,
          "private": "eyJzY2hlbWFfdmVyc2lvbiI6IjEifQ==",
          "create_before_destroy": true
        }
      ]
    }
  ],
  "check_results": null
}
